
Microsoft Visual Studio Solution File, Format Version 12.00
# Visual Studio 15
VisualStudioVersion = 15.0.27130.2027
MinimumVisualStudioVersion = 10.0.40219.1
Project("{FAE04EC0-301F-11D3-BF4B-00C04F79EFBC}") = "PlayGround", "PlayGround\PlayGround.csproj", "{FCB4EF63-8229-45CD-BDBE-2AA37E283B75}"
EndProject
Global
	GlobalSection(SolutionConfigurationPlatforms) = preSolution
		Debug|Any CPU = Debug|Any CPU
		Release|Any CPU = Release|Any CPU
	EndGlobalSection
	GlobalSection(ProjectConfigurationPlatforms) = postSolution
		{FCB4EF63-8229-45CD-BDBE-2AA37E283B75}.Debug|Any CPU.ActiveCfg = Debug|Any CPU
		{FCB4EF63-8229-45CD-BDBE-2AA37E283B75}.Debug|Any CPU.Build.0 = Debug|Any CPU
		{FCB4EF63-8229-45CD-BDBE-2AA37E283B75}.Release|Any CPU.ActiveCfg = Release|Any CPU
		{FCB4EF63-8229-45CD-BDBE-2AA37E283B75}.Release|Any CPU.Build.0 = Release|Any CPU
	EndGlobalSection
	GlobalSection(SolutionProperties) = preSolution
		HideSolutionNode = FALSE
	EndGlobalSection
	GlobalSection(ExtensibilityGlobals) = postSolution
		SolutionGuid = {EBD97980-C13E-4837-9CCF-1F4FC7A30929}
	EndGlobalSection
EndGlobal
